
Microsoft Visual Studio Solution File, Format Version 12.00
# Visual Studio 14
VisualStudioVersion = 14.0.25420.1
MinimumVisualStudioVersion = 10.0.40219.1
Project("{FAE04EC0-301F-11D3-BF4B-00C04F79EFBC}") = "Wiseboard", "Wiseboard\Wiseboard.csproj", "{FC4FD40C-B579-4594-874E-F09780D2ED1F}"
EndProject
Global
	GlobalSection(SolutionConfigurationPlatforms) = preSolution
		Debug|Any CPU = Debug|Any CPU
		Release|Any CPU = Release|Any CPU
	EndGlobalSection
	GlobalSection(ProjectConfigurationPlatforms) = postSolution
		{FC4FD40C-B579-4594-874E-F09780D2ED1F}.Debug|Any CPU.ActiveCfg = Debug|Any CPU
		{FC4FD40C-B579-4594-874E-F09780D2ED1F}.Debug|Any CPU.Build.0 = Debug|Any CPU
		{FC4FD40C-B579-4594-874E-F09780D2ED1F}.Release|Any CPU.ActiveCfg = Release|Any CPU
		{FC4FD40C-B579-4594-874E-F09780D2ED1F}.Release|Any CPU.Build.0 = Release|Any CPU
	EndGlobalSection
	GlobalSection(SolutionProperties) = preSolution
		HideSolutionNode = FALSE
	EndGlobalSection
EndGlobal
